
Microsoft Visual Studio Solution File, Format Version 12.00
# Visual Studio Version 17
VisualStudioVersion = 17.4.33205.214
MinimumVisualStudioVersion = 10.0.40219.1
Project("{9A19103F-16F7-4668-BE54-9A1E7A4F7556}") = "LeetCode", "LeetCode.csproj", "{A3F72838-9164-458D-A349-51F5E7866F14}"
EndProject
Global
	GlobalSection(SolutionConfigurationPlatforms) = preSolution
		Debug|Any CPU = Debug|Any CPU
		Release|Any CPU = Release|Any CPU
	EndGlobalSection
	GlobalSection(ProjectConfigurationPlatforms) = postSolution
		{A3F72838-9164-458D-A349-51F5E7866F14}.Debug|Any CPU.ActiveCfg = Debug|Any CPU
		{A3F72838-9164-458D-A349-51F5E7866F14}.Debug|Any CPU.Build.0 = Debug|Any CPU
		{A3F72838-9164-458D-A349-51F5E7866F14}.Release|Any CPU.ActiveCfg = Release|Any CPU
		{A3F72838-9164-458D-A349-51F5E7866F14}.Release|Any CPU.Build.0 = Release|Any CPU
	EndGlobalSection
	GlobalSection(SolutionProperties) = preSolution
		HideSolutionNode = FALSE
	EndGlobalSection
	GlobalSection(ExtensibilityGlobals) = postSolution
		SolutionGuid = {CE4D5267-5289-4246-B9F4-5FB902ED2F06}
	EndGlobalSection
EndGlobal
